# This file is automatically @generated by Cargo.
# It is not intended for manual editing.
version = 4

[[package]]
name = "asatsuyu-ast"
version = "0.1.0"
dependencies = [
 "asatsuyu-parser",
 "asatsuyu-syntax",
]

[[package]]
name = "asatsuyu-backend-python"
version = "0.1.0"
dependencies = [
 "asatsuyu-syntax",
 "asatsuyu-ty",
]

[[package]]
name = "asatsuyu-cli"
version = "0.1.0"
dependencies = [
 "asatsuyu-ast",
 "asatsuyu-backend-python",
 "asatsuyu-hir",
 "asatsuyu-lexer",
 "asatsuyu-parser",
 "asatsuyu-syntax",
 "asatsuyu-ty",
]

[[package]]
name = "asatsuyu-hir"
version = "0.1.0"
dependencies = [
 "asatsuyu-ast",
 "asatsuyu-syntax",
]

[[package]]
name = "asatsuyu-lexer"
version = "0.1.0"
dependencies = [
 "asatsuyu-syntax",
]

[[package]]
name = "asatsuyu-parser"
version = "0.1.0"
dependencies = [
 "asatsuyu-lexer",
 "asatsuyu-syntax",
]

[[package]]
name = "asatsuyu-syntax"
version = "0.1.0"

[[package]]
name = "asatsuyu-ty"
version = "0.1.0"
dependencies = [
 "asatsuyu-hir",
 "asatsuyu-syntax",
]
